// !$*UTF8*$!
{
	archiveVersion = 1;
	classes = {
	};
	objectVersion = 46;
	objects = {

/* Begin PBXBuildFile section */
		4B1CE34E1D588E9A00F2C950 /* main.m in Sources */ = {isa = PBXBuildFile; fileRef = 4B1CE34D1D588E9A00F2C950 /* main.m */; };
		4B1CE3511D588E9A00F2C950 /* AppDelegate.m in Sources */ = {isa = PBXBuildFile; fileRef = 4B1CE3501D588E9A00F2C950 /* AppDelegate.m */; };
		4B1CE3591D588E9A00F2C950 /* Assets.xcassets in Resources */ = {isa = PBXBuildFile; fileRef = 4B1CE3581D588E9A00F2C950 /* Assets.xcassets */; };
		4B1CE35C1D588E9A00F2C950 /* LaunchScreen.storyboard in Resources */ = {isa = PBXBuildFile; fileRef = 4B1CE35A1D588E9A00F2C950 /* LaunchScreen.storyboard */; };
		4B1CE3671D588E9B00F2C950 /* ImageTableViewTests.m in Sources */ = {isa = PBXBuildFile; fileRef = 4B1CE3661D588E9B00F2C950 /* ImageTableViewTests.m */; };
		4B1CE3721D588E9B00F2C950 /* ImageTableViewUITests.m in Sources */ = {isa = PBXBuildFile; fileRef = 4B1CE3711D588E9B00F2C950 /* ImageTableViewUITests.m */; };
		4B1CE3901D58903E00F2C950 /* 1.png in Resources */ = {isa = PBXBuildFile; fileRef = 4B1CE38C1D58903E00F2C950 /* 1.png */; };
		4B1CE3911D58903E00F2C950 /* 2.png in Resources */ = {isa = PBXBuildFile; fileRef = 4B1CE38D1D58903E00F2C950 /* 2.png */; };
		4B1CE3921D58903E00F2C950 /* 3.png in Resources */ = {isa = PBXBuildFile; fileRef = 4B1CE38E1D58903E00F2C950 /* 3.png */; };
		4B1CE3931D58903E00F2C950 /* 4.png in Resources */ = {isa = PBXBuildFile; fileRef = 4B1CE38F1D58903E00F2C950 /* 4.png */; };
		4B1CE39C1D58978000F2C950 /* TableViewController.m in Sources */ = {isa = PBXBuildFile; fileRef = 4B1CE39A1D58978000F2C950 /* TableViewController.m */; };
		4B1CE39D1D58978000F2C950 /* TableViewController.xib in Resources */ = {isa = PBXBuildFile; fileRef = 4B1CE39B1D58978000F2C950 /* TableViewController.xib */; };
		4B1CE3A11D589F3700F2C950 /* ViewController.m in Sources */ = {isa = PBXBuildFile; fileRef = 4B1CE39F1D589F3700F2C950 /* ViewController.m */; };
		4B1CE3A21D589F3700F2C950 /* ViewController.xib in Resources */ = {isa = PBXBuildFile; fileRef = 4B1CE3A01D589F3700F2C950 /* ViewController.xib */; };
/* End PBXBuildFile section */

/* Begin PBXContainerItemProxy section */
		4B1CE3631D588E9B00F2C950 /* PBXContainerItemProxy */ = {
			isa = PBXContainerItemProxy;
			containerPortal = 4B1CE3411D588E9A00F2C950 /* Project object */;
			proxyType = 1;
			remoteGlobalIDString = 4B1CE3481D588E9A00F2C950;
			remoteInfo = ImageTableView;
		};
		4B1CE36E1D588E9B00F2C950 /* PBXContainerItemProxy */ = {
			isa = PBXContainerItemProxy;
			containerPortal = 4B1CE3411D588E9A00F2C950 /* Project object */;
			proxyType = 1;
			remoteGlobalIDString = 4B1CE3481D588E9A00F2C950;
			remoteInfo = ImageTableView;
		};
/* End PBXContainerItemProxy section */

/* Begin PBXFileReference section */
		4B1CE3491D588E9A00F2C950 /* ImageTableView.app */ = {isa = PBXFileReference; explicitFileType = wrapper.application; includeInIndex = 0; path = ImageTableView.app; sourceTree = BUILT_PRODUCTS_DIR; };
		4B1CE34D1D588E9A00F2C950 /* main.m */ = {isa = PBXFileReference; lastKnownFileType = sourcecode.c.objc; path = main.m; sourceTree = "<group>"; };
		4B1CE34F1D588E9A00F2C950 /* AppDelegate.h */ = {isa = PBXFileReference; lastKnownFileType = sourcecode.c.h; path = AppDelegate.h; sourceTree = "<group>"; };
		4B1CE3501D588E9A00F2C950 /* AppDelegate.m */ = {isa = PBXFileReference; lastKnownFileType = sourcecode.c.objc; path = AppDelegate.m; sourceTree = "<group>"; };
		4B1CE3581D588E9A00F2C950 /* Assets.xcassets */ = {isa = PBXFileReference; lastKnownFileType = folder.assetcatalog; path = Assets.xcassets; sourceTree = "<group>"; };
		4B1CE35B1D588E9A00F2C950 /* Base */ = {isa = PBXFileReference; lastKnownFileType = file.storyboard; name = Base; path = Base.lproj/LaunchScreen.storyboard; sourceTree = "<group>"; };
		4B1CE35D1D588E9A00F2C950 /* Info.plist */ = {isa = PBXFileReference; lastKnownFileType = text.plist.xml; path = Info.plist; sourceTree = "<group>"; };
		4B1CE3621D588E9B00F2C950 /* ImageTableViewTests.xctest */ = {isa = PBXFileReference; explicitFileType = wrapper.cfbundle; includeInIndex = 0; path = ImageTableViewTests.xctest; sourceTree = BUILT_PRODUCTS_DIR; };
		4B1CE3661D588E9B00F2C950 /* ImageTableViewTests.m */ = {isa = PBXFileReference; lastKnownFileType = sourcecode.c.objc; path = ImageTableViewTests.m; sourceTree = "<group>"; };
		4B1CE3681D588E9B00F2C950 /* Info.plist */ = {isa = PBXFileReference; lastKnownFileType = text.plist.xml; path = Info.plist; sourceTree = "<group>"; };
		4B1CE36D1D588E9B00F2C950 /* ImageTableViewUITests.xctest */ = {isa = PBXFileReference; explicitFileType = wrapper.cfbundle; includeInIndex = 0; path = ImageTableViewUITests.xctest; sourceTree = BUILT_PRODUCTS_DIR; };
		4B1CE3711D588E9B00F2C950 /* ImageTableViewUITests.m */ = {isa = PBXFileReference; lastKnownFileType = sourcecode.c.objc; path = ImageTableViewUITests.m; sourceTree = "<group>"; };
		4B1CE3731D588E9B00F2C950 /* Info.plist */ = {isa = PBXFileReference; lastKnownFileType = text.plist.xml; path = Info.plist; sourceTree = "<group>"; };
		4B1CE38C1D58903E00F2C950 /* 1.png */ = {isa = PBXFileReference; lastKnownFileType = image.png; path = 1.png; sourceTree = "<group>"; };
		4B1CE38D1D58903E00F2C950 /* 2.png */ = {isa = PBXFileReference; lastKnownFileType = image.png; path = 2.png; sourceTree = "<group>"; };
		4B1CE38E1D58903E00F2C950 /* 3.png */ = {isa = PBXFileReference; lastKnownFileType = image.png; path = 3.png; sourceTree = "<group>"; };
		4B1CE38F1D58903E00F2C950 /* 4.png */ = {isa = PBXFileReference; lastKnownFileType = image.png; path = 4.png; sourceTree = "<group>"; };
		4B1CE3991D58978000F2C950 /* TableViewController.h */ = {isa = PBXFileReference; fileEncoding = 4; lastKnownFileType = sourcecode.c.h; path = TableViewController.h; sourceTree = "<group>"; };
		4B1CE39A1D58978000F2C950 /* TableViewController.m */ = {isa = PBXFileReference; fileEncoding = 4; lastKnownFileType = sourcecode.c.objc; path = TableViewController.m; sourceTree = "<group>"; };
		4B1CE39B1D58978000F2C950 /* TableViewController.xib */ = {isa = PBXFileReference; fileEncoding = 4; lastKnownFileType = file.xib; path = TableViewController.xib; sourceTree = "<group>"; };
		4B1CE39E1D589F3700F2C950 /* ViewController.h */ = {isa = PBXFileReference; fileEncoding = 4; lastKnownFileType = sourcecode.c.h; path = ViewController.h; sourceTree = "<group>"; };
		4B1CE39F1D589F3700F2C950 /* ViewController.m */ = {isa = PBXFileReference; fileEncoding = 4; lastKnownFileType = sourcecode.c.objc; path = ViewController.m; sourceTree = "<group>"; };
		4B1CE3A01D589F3700F2C950 /* ViewController.xib */ = {isa = PBXFileReference; fileEncoding = 4; lastKnownFileType = file.xib; path = ViewController.xib; sourceTree = "<group>"; };
/* End PBXFileReference section */

/* Begin PBXFrameworksBuildPhase section */
		4B1CE3461D588E9A00F2C950 /* Frameworks */ = {
			isa = PBXFrameworksBuildPhase;
			buildActionMask = 2147483647;
			files = (
			);
			runOnlyForDeploymentPostprocessing = 0;
		};
		4B1CE35F1D588E9B00F2C950 /* Frameworks */ = {
			isa = PBXFrameworksBuildPhase;
			buildActionMask = 2147483647;
			files = (
			);
			runOnlyForDeploymentPostprocessing = 0;
		};
		4B1CE36A1D588E9B00F2C950 /* Frameworks */ = {
			isa = PBXFrameworksBuildPhase;
			buildActionMask = 2147483647;
			files = (
			);
			runOnlyForDeploymentPostprocessing = 0;
		};
/* End PBXFrameworksBuildPhase section */

/* Begin PBXGroup section */
		4B1CE3401D588E9A00F2C950 = {
			isa = PBXGroup;
			children = (
				4B1CE34B1D588E9A00F2C950 /* ImageTableView */,
				4B1CE3651D588E9B00F2C950 /* ImageTableViewTests */,
				4B1CE3701D588E9B00F2C950 /* ImageTableViewUITests */,
				4B1CE34A1D588E9A00F2C950 /* Products */,
			);
			sourceTree = "<group>";
		};
		4B1CE34A1D588E9A00F2C950 /* Products */ = {
			isa = PBXGroup;
			children = (
				4B1CE3491D588E9A00F2C950 /* ImageTableView.app */,
				4B1CE3621D588E9B00F2C950 /* ImageTableViewTests.xctest */,
				4B1CE36D1D588E9B00F2C950 /* ImageTableViewUITests.xctest */,
			);
			name = Products;
			sourceTree = "<group>";
		};
		4B1CE34B1D588E9A00F2C950 /* ImageTableView */ = {
			isa = PBXGroup;
			children = (
				4B1CE34F1D588E9A00F2C950 /* AppDelegate.h */,
				4B1CE3501D588E9A00F2C950 /* AppDelegate.m */,
				4B1CE3991D58978000F2C950 /* TableViewController.h */,
				4B1CE39A1D58978000F2C950 /* TableViewController.m */,
				4B1CE39B1D58978000F2C950 /* TableViewController.xib */,
				4B1CE39E1D589F3700F2C950 /* ViewController.h */,
				4B1CE39F1D589F3700F2C950 /* ViewController.m */,
				4B1CE3A01D589F3700F2C950 /* ViewController.xib */,
				4B1CE3581D588E9A00F2C950 /* Assets.xcassets */,
				4B1CE35A1D588E9A00F2C950 /* LaunchScreen.storyboard */,
				4B1CE35D1D588E9A00F2C950 /* Info.plist */,
				4B1CE38C1D58903E00F2C950 /* 1.png */,
				4B1CE38D1D58903E00F2C950 /* 2.png */,
				4B1CE38E1D58903E00F2C950 /* 3.png */,
				4B1CE38F1D58903E00F2C950 /* 4.png */,
				4B1CE34C1D588E9A00F2C950 /* Supporting Files */,
			);
			path = ImageTableView;
			sourceTree = "<group>";
		};
		4B1CE34C1D588E9A00F2C950 /* Supporting Files */ = {
			isa = PBXGroup;
			children = (
				4B1CE34D1D588E9A00F2C950 /* main.m */,
			);
			name = "Supporting Files";
			sourceTree = "<group>";
		};
		4B1CE3651D588E9B00F2C950 /* ImageTableViewTests */ = {
			isa = PBXGroup;
			children = (
				4B1CE3661D588E9B00F2C950 /* ImageTableViewTests.m */,
				4B1CE3681D588E9B00F2C950 /* Info.plist */,
			);
			path = ImageTableViewTests;
			sourceTree = "<group>";
		};
		4B1CE3701D588E9B00F2C950 /* ImageTableViewUITests */ = {
			isa = PBXGroup;
			children = (
				4B1CE3711D588E9B00F2C950 /* ImageTableViewUITests.m */,
				4B1CE3731D588E9B00F2C950 /* Info.plist */,
			);
			path = ImageTableViewUITests;
			sourceTree = "<group>";
		};
/* End PBXGroup section */

/* Begin PBXNativeTarget section */
		4B1CE3481D588E9A00F2C950 /* ImageTableView */ = {
			isa = PBXNativeTarget;
			buildConfigurationList = 4B1CE3761D588E9B00F2C950 /* Build configuration list for PBXNativeTarget "ImageTableView" */;
			buildPhases = (
				4B1CE3451D588E9A00F2C950 /* Sources */,
				4B1CE3461D588E9A00F2C950 /* Frameworks */,
				4B1CE3471D588E9A00F2C950 /* Resources */,
			);
			buildRules = (
			);
			dependencies = (
			);
			name = ImageTableView;
			productName = ImageTableView;
			productReference = 4B1CE3491D588E9A00F2C950 /* ImageTableView.app */;
			productType = "com.apple.product-type.application";
		};
		4B1CE3611D588E9B00F2C950 /* ImageTableViewTests */ = {
			isa = PBXNativeTarget;
			buildConfigurationList = 4B1CE3791D588E9B00F2C950 /* Build configuration list for PBXNativeTarget "ImageTableViewTests" */;
			buildPhases = (
				4B1CE35E1D588E9B00F2C950 /* Sources */,
				4B1CE35F1D588E9B00F2C950 /* Frameworks */,
				4B1CE3601D588E9B00F2C950 /* Resources */,
			);
			buildRules = (
			);
			dependencies = (
				4B1CE3641D588E9B00F2C950 /* PBXTargetDependency */,
			);
			name = ImageTableViewTests;
			productName = ImageTableViewTests;
			productReference = 4B1CE3621D588E9B00F2C950 /* ImageTableViewTests.xctest */;
			productType = "com.apple.product-type.bundle.unit-test";
		};
		4B1CE36C1D588E9B00F2C950 /* ImageTableViewUITests */ = {
			isa = PBXNativeTarget;
			buildConfigurationList = 4B1CE37C1D588E9B00F2C950 /* Build configuration list for PBXNativeTarget "ImageTableViewUITests" */;
			buildPhases = (
				4B1CE3691D588E9B00F2C950 /* Sources */,
				4B1CE36A1D588E9B00F2C950 /* Frameworks */,
				4B1CE36B1D588E9B00F2C950 /* Resources */,
			);
			buildRules = (
			);
			dependencies = (
				4B1CE36F1D588E9B00F2C950 /* PBXTargetDependency */,
			);
			name = ImageTableViewUITests;
			productName = ImageTableViewUITests;
			productReference = 4B1CE36D1D588E9B00F2C950 /* ImageTableViewUITests.xctest */;
			productType = "com.apple.product-type.bundle.ui-testing";
		};
/* End PBXNativeTarget section */

/* Begin PBXProject section */
		4B1CE3411D588E9A00F2C950 /* Project object */ = {
			isa = PBXProject;
			attributes = {
				LastUpgradeCheck = 0720;
				ORGANIZATIONNAME = "Felix-ITS 012";
				TargetAttributes = {
					4B1CE3481D588E9A00F2C950 = {
						CreatedOnToolsVersion = 7.2;
						DevelopmentTeam = AH8JPQY6BJ;
					};
					4B1CE3611D588E9B00F2C950 = {
						CreatedOnToolsVersion = 7.2;
						DevelopmentTeam = AH8JPQY6BJ;
						TestTargetID = 4B1CE3481D588E9A00F2C950;
					};
					4B1CE36C1D588E9B00F2C950 = {
						CreatedOnToolsVersion = 7.2;
						DevelopmentTeam = AH8JPQY6BJ;
						TestTargetID = 4B1CE3481D588E9A00F2C950;
					};
				};
			};
			buildConfigurationList = 4B1CE3441D588E9A00F2C950 /* Build configuration list for PBXProject "ImageTableView" */;
			compatibilityVersion = "Xcode 3.2";
			developmentRegion = English;
			hasScannedForEncodings = 0;
			knownRegions = (
				en,
				Base,
			);
			mainGroup = 4B1CE3401D588E9A00F2C950;
			productRefGroup = 4B1CE34A1D588E9A00F2C950 /* Products */;
			projectDirPath = "";
			projectRoot = "";
			targets = (
				4B1CE3481D588E9A00F2C950 /* ImageTableView */,
				4B1CE3611D588E9B00F2C950 /* ImageTableViewTests */,
				4B1CE36C1D588E9B00F2C950 /* ImageTableViewUITests */,
			);
		};
/* End PBXProject section */

/* Begin PBXResourcesBuildPhase section */
		4B1CE3471D588E9A00F2C950 /* Resources */ = {
			isa = PBXResourcesBuildPhase;
			buildActionMask = 2147483647;
			files = (
				4B1CE3931D58903E00F2C950 /* 4.png in Resources */,
				4B1CE3901D58903E00F2C950 /* 1.png in Resources */,
				4B1CE3A21D589F3700F2C950 /* ViewController.xib in Resources */,
				4B1CE3911D58903E00F2C950 /* 2.png in Resources */,
				4B1CE3921D58903E00F2C950 /* 3.png in Resources */,
				4B1CE35C1D588E9A00F2C950 /* LaunchScreen.storyboard in Resources */,
				4B1CE3591D588E9A00F2C950 /* Assets.xcassets in Resources */,
				4B1CE39D1D58978000F2C950 /* TableViewController.xib in Resources */,
			);
			runOnlyForDeploymentPostprocessing = 0;
		};
		4B1CE3601D588E9B00F2C950 /* Resources */ = {
			isa = PBXResourcesBuildPhase;
			buildActionMask = 2147483647;
			files = (
			);
			runOnlyForDeploymentPostprocessing = 0;
		};
		4B1CE36B1D588E9B00F2C950 /* Resources */ = {
			isa = PBXResourcesBuildPhase;
			buildActionMask = 2147483647;
			files = (
			);
			runOnlyForDeploymentPostprocessing = 0;
		};
/* End PBXResourcesBuildPhase section */

/* Begin PBXSourcesBuildPhase section */
		4B1CE3451D588E9A00F2C950 /* Sources */ = {
			isa = PBXSourcesBuildPhase;
			buildActionMask = 2147483647;
			files = (
				4B1CE3511D588E9A00F2C950 /* AppDelegate.m in Sources */,
				4B1CE39C1D58978000F2C950 /* TableViewController.m in Sources */,
				4B1CE3A11D589F3700F2C950 /* ViewController.m in Sources */,
				4B1CE34E1D588E9A00F2C950 /* main.m in Sources */,
			);
			runOnlyForDeploymentPostprocessing = 0;
		};
		4B1CE35E1D588E9B00F2C950 /* Sources */ = {
			isa = PBXSourcesBuildPhase;
			buildActionMask = 2147483647;
			files = (
				4B1CE3671D588E9B00F2C950 /* ImageTableViewTests.m in Sources */,
			);
			runOnlyForDeploymentPostprocessing = 0;
		};
		4B1CE3691D588E9B00F2C950 /* Sources */ = {
			isa = PBXSourcesBuildPhase;
			buildActionMask = 2147483647;
			files = (
				4B1CE3721D588E9B00F2C950 /* ImageTableViewUITests.m in Sources */,
			);
			runOnlyForDeploymentPostprocessing = 0;
		};
/* End PBXSourcesBuildPhase section */

/* Begin PBXTargetDependency section */
		4B1CE3641D588E9B00F2C950 /* PBXTargetDependency */ = {
			isa = PBXTargetDependency;
			target = 4B1CE3481D588E9A00F2C950 /* ImageTableView */;
			targetProxy = 4B1CE3631D588E9B00F2C950 /* PBXContainerItemProxy */;
		};
		4B1CE36F1D588E9B00F2C950 /* PBXTargetDependency */ = {
			isa = PBXTargetDependency;
			target = 4B1CE3481D588E9A00F2C950 /* ImageTableView */;
			targetProxy = 4B1CE36E1D588E9B00F2C950 /* PBXContainerItemProxy */;
		};
/* End PBXTargetDependency section */

/* Begin PBXVariantGroup section */
		4B1CE35A1D588E9A00F2C950 /* LaunchScreen.storyboard */ = {
			isa = PBXVariantGroup;
			children = (
				4B1CE35B1D588E9A00F2C950 /* Base */,
			);
			name = LaunchScreen.storyboard;
			sourceTree = "<group>";
		};
/* End PBXVariantGroup section */

/* Begin XCBuildConfiguration section */
		4B1CE3741D588E9B00F2C950 /* Debug */ = {
			isa = XCBuildConfiguration;
			buildSettings = {
				ALWAYS_SEARCH_USER_PATHS = NO;
				CLANG_CXX_LANGUAGE_STANDARD = "gnu++0x";
				CLANG_CXX_LIBRARY = "libc++";
				CLANG_ENABLE_MODULES = YES;
				CLANG_ENABLE_OBJC_ARC = YES;
				CLANG_WARN_BOOL_CONVERSION = YES;
				CLANG_WARN_CONSTANT_CONVERSION = YES;
				CLANG_WARN_DIRECT_OBJC_ISA_USAGE = YES_ERROR;
				CLANG_WARN_EMPTY_BODY = YES;
				CLANG_WARN_ENUM_CONVERSION = YES;
				CLANG_WARN_INT_CONVERSION = YES;
				CLANG_WARN_OBJC_ROOT_CLASS = YES_ERROR;
				CLANG_WARN_UNREACHABLE_CODE = YES;
				CLANG_WARN__DUPLICATE_METHOD_MATCH = YES;
				"CODE_SIGN_IDENTITY[sdk=iphoneos*]" = "iPhone Developer";
				COPY_PHASE_STRIP = NO;
				DEBUG_INFORMATION_FORMAT = dwarf;
				ENABLE_STRICT_OBJC_MSGSEND = YES;
				ENABLE_TESTABILITY = YES;
				GCC_C_LANGUAGE_STANDARD = gnu99;
				GCC_DYNAMIC_NO_PIC = NO;
				GCC_NO_COMMON_BLOCKS = YES;
				GCC_OPTIMIZATION_LEVEL = 0;
				GCC_PREPROCESSOR_DEFINITIONS = (
					"DEBUG=1",
					"$(inherited)",
				);
				GCC_WARN_64_TO_32_BIT_CONVERSION = YES;
				GCC_WARN_ABOUT_RETURN_TYPE = YES_ERROR;
				GCC_WARN_UNDECLARED_SELECTOR = YES;
				GCC_WARN_UNINITIALIZED_AUTOS = YES_AGGRESSIVE;
				GCC_WARN_UNUSED_FUNCTION = YES;
				GCC_WARN_UNUSED_VARIABLE = YES;
				IPHONEOS_DEPLOYMENT_TARGET = 9.2;
				MTL_ENABLE_DEBUG_INFO = YES;
				ONLY_ACTIVE_ARCH = YES;
				SDKROOT = iphoneos;
				TARGETED_DEVICE_FAMILY = "1,2";
			};
			name = Debug;
		};
		4B1CE3751D588E9B00F2C950 /* Release */ = {
			isa = XCBuildConfiguration;
			buildSettings = {
				ALWAYS_SEARCH_USER_PATHS = NO;
				CLANG_CXX_LANGUAGE_STANDARD = "gnu++0x";
				CLANG_CXX_LIBRARY = "libc++";
				CLANG_ENABLE_MODULES = YES;
				CLANG_ENABLE_OBJC_ARC = YES;
				CLANG_WARN_BOOL_CONVERSION = YES;
				CLANG_WARN_CONSTANT_CONVERSION = YES;
				CLANG_WARN_DIRECT_OBJC_ISA_USAGE = YES_ERROR;
				CLANG_WARN_EMPTY_BODY = YES;
				CLANG_WARN_ENUM_CONVERSION = YES;
				CLANG_WARN_INT_CONVERSION = YES;
				CLANG_WARN_OBJC_ROOT_CLASS = YES_ERROR;
				CLANG_WARN_UNREACHABLE_CODE = YES;
				CLANG_WARN__DUPLICATE_METHOD_MATCH = YES;
				"CODE_SIGN_IDENTITY[sdk=iphoneos*]" = "iPhone Developer";
				COPY_PHASE_STRIP = NO;
				DEBUG_INFORMATION_FORMAT = "dwarf-with-dsym";
				ENABLE_NS_ASSERTIONS = NO;
				ENABLE_STRICT_OBJC_MSGSEND = YES;
				GCC_C_LANGUAGE_STANDARD = gnu99;
				GCC_NO_COMMON_BLOCKS = YES;
				GCC_WARN_64_TO_32_BIT_CONVERSION = YES;
				GCC_WARN_ABOUT_RETURN_TYPE = YES_ERROR;
				GCC_WARN_UNDECLARED_SELECTOR = YES;
				GCC_WARN_UNINITIALIZED_AUTOS = YES_AGGRESSIVE;
				GCC_WARN_UNUSED_FUNCTION = YES;
				GCC_WARN_UNUSED_VARIABLE = YES;
				IPHONEOS_DEPLOYMENT_TARGET = 9.2;
				MTL_ENABLE_DEBUG_INFO = NO;
				SDKROOT = iphoneos;
				TARGETED_DEVICE_FAMILY = "1,2";
				VALIDATE_PRODUCT = YES;
			};
			name = Release;
		};
		4B1CE3771D588E9B00F2C950 /* Debug */ = {
			isa = XCBuildConfiguration;
			buildSettings = {
				ASSETCATALOG_COMPILER_APPICON_NAME = AppIcon;
				INFOPLIST_FILE = ImageTableView/Info.plist;
				LD_RUNPATH_SEARCH_PATHS = "$(inherited) @executable_path/Frameworks";
				PRODUCT_BUNDLE_IDENTIFIER = com.felix.ImageTableView;
				PRODUCT_NAME = "$(TARGET_NAME)";
				TARGETED_DEVICE_FAMILY = "1,2";
			};
			name = Debug;
		};
		4B1CE3781D588E9B00F2C950 /* Release */ = {
			isa = XCBuildConfiguration;
			buildSettings = {
				ASSETCATALOG_COMPILER_APPICON_NAME = AppIcon;
				INFOPLIST_FILE = ImageTableView/Info.plist;
				LD_RUNPATH_SEARCH_PATHS = "$(inherited) @executable_path/Frameworks";
				PRODUCT_BUNDLE_IDENTIFIER = com.felix.ImageTableView;
				PRODUCT_NAME = "$(TARGET_NAME)";
				TARGETED_DEVICE_FAMILY = "1,2";
			};
			name = Release;
		};
		4B1CE37A1D588E9B00F2C950 /* Debug */ = {
			isa = XCBuildConfiguration;
			buildSettings = {
				BUNDLE_LOADER = "$(TEST_HOST)";
				INFOPLIST_FILE = ImageTableViewTests/Info.plist;
				LD_RUNPATH_SEARCH_PATHS = "$(inherited) @executable_path/Frameworks @loader_path/Frameworks";
				PRODUCT_BUNDLE_IDENTIFIER = com.felix.ImageTableViewTests;
				PRODUCT_NAME = "$(TARGET_NAME)";
				TEST_HOST = "$(BUILT_PRODUCTS_DIR)/ImageTableView.app/ImageTableView";
			};
			name = Debug;
		};
		4B1CE37B1D588E9B00F2C950 /* Release */ = {
			isa = XCBuildConfiguration;
			buildSettings = {
				BUNDLE_LOADER = "$(TEST_HOST)";
				INFOPLIST_FILE = ImageTableViewTests/Info.plist;
				LD_RUNPATH_SEARCH_PATHS = "$(inherited) @executable_path/Frameworks @loader_path/Frameworks";
				PRODUCT_BUNDLE_IDENTIFIER = com.felix.ImageTableViewTests;
				PRODUCT_NAME = "$(TARGET_NAME)";
				TEST_HOST = "$(BUILT_PRODUCTS_DIR)/ImageTableView.app/ImageTableView";
			};
			name = Release;
		};
		4B1CE37D1D588E9B00F2C950 /* Debug */ = {
			isa = XCBuildConfiguration;
			buildSettings = {
				INFOPLIST_FILE = ImageTableViewUITests/Info.plist;
				LD_RUNPATH_SEARCH_PATHS = "$(inherited) @executable_path/Frameworks @loader_path/Frameworks";
				PRODUCT_BUNDLE_IDENTIFIER = com.felix.ImageTableViewUITests;
				PRODUCT_NAME = "$(TARGET_NAME)";
				TEST_TARGET_NAME = ImageTableView;
				USES_XCTRUNNER = YES;
			};
			name = Debug;
		};
		4B1CE37E1D588E9B00F2C950 /* Release */ = {
			isa = XCBuildConfiguration;
			buildSettings = {
				INFOPLIST_FILE = ImageTableViewUITests/Info.plist;
				LD_RUNPATH_SEARCH_PATHS = "$(inherited) @executable_path/Frameworks @loader_path/Frameworks";
				PRODUCT_BUNDLE_IDENTIFIER = com.felix.ImageTableViewUITests;
				PRODUCT_NAME = "$(TARGET_NAME)";
				TEST_TARGET_NAME = ImageTableView;
				USES_XCTRUNNER = YES;
			};
			name = Release;
		};
/* End XCBuildConfiguration section */

/* Begin XCConfigurationList section */
		4B1CE3441D588E9A00F2C950 /* Build configuration list for PBXProject "ImageTableView" */ = {
			isa = XCConfigurationList;
			buildConfigurations = (
				4B1CE3741D588E9B00F2C950 /* Debug */,
				4B1CE3751D588E9B00F2C950 /* Release */,
			);
			defaultConfigurationIsVisible = 0;
			defaultConfigurationName = Release;
		};
		4B1CE3761D588E9B00F2C950 /* Build configuration list for PBXNativeTarget "ImageTableView" */ = {
			isa = XCConfigurationList;
			buildConfigurations = (
				4B1CE3771D588E9B00F2C950 /* Debug */,
				4B1CE3781D588E9B00F2C950 /* Release */,
			);
			defaultConfigurationIsVisible = 0;
		};
		4B1CE3791D588E9B00F2C950 /* Build configuration list for PBXNativeTarget "ImageTableViewTests" */ = {
			isa = XCConfigurationList;
			buildConfigurations = (
				4B1CE37A1D588E9B00F2C950 /* Debug */,
				4B1CE37B1D588E9B00F2C950 /* Release */,
			);
			defaultConfigurationIsVisible = 0;
		};
		4B1CE37C1D588E9B00F2C950 /* Build configuration list for PBXNativeTarget "ImageTableViewUITests" */ = {
			isa = XCConfigurationList;
			buildConfigurations = (
				4B1CE37D1D588E9B00F2C950 /* Debug */,
				4B1CE37E1D588E9B00F2C950 /* Release */,
			);
			defaultConfigurationIsVisible = 0;
		};
/* End XCConfigurationList section */
	};
	rootObject = 4B1CE3411D588E9A00F2C950 /* Project object */;
}
