// !$*UTF8*$!
{
	archiveVersion = 1;
	classes = {
	};
	objectVersion = 46;
	objects = {

/* Begin PBXBuildFile section */
		1884725F1D9637E2005B4225 /* main.m in Sources */ = {isa = PBXBuildFile; fileRef = 1884725E1D9637E2005B4225 /* main.m */; };
		188472621D9637E2005B4225 /* AppDelegate.m in Sources */ = {isa = PBXBuildFile; fileRef = 188472611D9637E2005B4225 /* AppDelegate.m */; };
		188472651D9637E2005B4225 /* ViewController.m in Sources */ = {isa = PBXBuildFile; fileRef = 188472641D9637E2005B4225 /* ViewController.m */; };
		188472681D9637E2005B4225 /* Main.storyboard in Resources */ = {isa = PBXBuildFile; fileRef = 188472661D9637E2005B4225 /* Main.storyboard */; };
		1884726A1D9637E2005B4225 /* Images.xcassets in Resources */ = {isa = PBXBuildFile; fileRef = 188472691D9637E2005B4225 /* Images.xcassets */; };
		1884726D1D9637E2005B4225 /* LaunchScreen.xib in Resources */ = {isa = PBXBuildFile; fileRef = 1884726B1D9637E2005B4225 /* LaunchScreen.xib */; };
		188472791D9637E2005B4225 /* SendEmailTests.m in Sources */ = {isa = PBXBuildFile; fileRef = 188472781D9637E2005B4225 /* SendEmailTests.m */; };
		188472831D963802005B4225 /* MessageUI.framework in Frameworks */ = {isa = PBXBuildFile; fileRef = 188472821D963802005B4225 /* MessageUI.framework */; };
/* End PBXBuildFile section */

/* Begin PBXContainerItemProxy section */
		188472731D9637E2005B4225 /* PBXContainerItemProxy */ = {
			isa = PBXContainerItemProxy;
			containerPortal = 188472511D9637E1005B4225 /* Project object */;
			proxyType = 1;
			remoteGlobalIDString = 188472581D9637E2005B4225;
			remoteInfo = SendEmail;
		};
/* End PBXContainerItemProxy section */

/* Begin PBXFileReference section */
		188472591D9637E2005B4225 /* SendEmail.app */ = {isa = PBXFileReference; explicitFileType = wrapper.application; includeInIndex = 0; path = SendEmail.app; sourceTree = BUILT_PRODUCTS_DIR; };
		1884725D1D9637E2005B4225 /* Info.plist */ = {isa = PBXFileReference; lastKnownFileType = text.plist.xml; path = Info.plist; sourceTree = "<group>"; };
		1884725E1D9637E2005B4225 /* main.m */ = {isa = PBXFileReference; lastKnownFileType = sourcecode.c.objc; path = main.m; sourceTree = "<group>"; };
		188472601D9637E2005B4225 /* AppDelegate.h */ = {isa = PBXFileReference; lastKnownFileType = sourcecode.c.h; path = AppDelegate.h; sourceTree = "<group>"; };
		188472611D9637E2005B4225 /* AppDelegate.m */ = {isa = PBXFileReference; lastKnownFileType = sourcecode.c.objc; path = AppDelegate.m; sourceTree = "<group>"; };
		188472631D9637E2005B4225 /* ViewController.h */ = {isa = PBXFileReference; lastKnownFileType = sourcecode.c.h; path = ViewController.h; sourceTree = "<group>"; };
		188472641D9637E2005B4225 /* ViewController.m */ = {isa = PBXFileReference; lastKnownFileType = sourcecode.c.objc; path = ViewController.m; sourceTree = "<group>"; };
		188472671D9637E2005B4225 /* Base */ = {isa = PBXFileReference; lastKnownFileType = file.storyboard; name = Base; path = Base.lproj/Main.storyboard; sourceTree = "<group>"; };
		188472691D9637E2005B4225 /* Images.xcassets */ = {isa = PBXFileReference; lastKnownFileType = folder.assetcatalog; path = Images.xcassets; sourceTree = "<group>"; };
		1884726C1D9637E2005B4225 /* Base */ = {isa = PBXFileReference; lastKnownFileType = file.xib; name = Base; path = Base.lproj/LaunchScreen.xib; sourceTree = "<group>"; };
		188472721D9637E2005B4225 /* SendEmailTests.xctest */ = {isa = PBXFileReference; explicitFileType = wrapper.cfbundle; includeInIndex = 0; path = SendEmailTests.xctest; sourceTree = BUILT_PRODUCTS_DIR; };
		188472771D9637E2005B4225 /* Info.plist */ = {isa = PBXFileReference; lastKnownFileType = text.plist.xml; path = Info.plist; sourceTree = "<group>"; };
		188472781D9637E2005B4225 /* SendEmailTests.m */ = {isa = PBXFileReference; lastKnownFileType = sourcecode.c.objc; path = SendEmailTests.m; sourceTree = "<group>"; };
		188472821D963802005B4225 /* MessageUI.framework */ = {isa = PBXFileReference; lastKnownFileType = wrapper.framework; name = MessageUI.framework; path = System/Library/Frameworks/MessageUI.framework; sourceTree = SDKROOT; };
/* End PBXFileReference section */

/* Begin PBXFrameworksBuildPhase section */
		188472561D9637E2005B4225 /* Frameworks */ = {
			isa = PBXFrameworksBuildPhase;
			buildActionMask = 2147483647;
			files = (
				188472831D963802005B4225 /* MessageUI.framework in Frameworks */,
			);
			runOnlyForDeploymentPostprocessing = 0;
		};
		1884726F1D9637E2005B4225 /* Frameworks */ = {
			isa = PBXFrameworksBuildPhase;
			buildActionMask = 2147483647;
			files = (
			);
			runOnlyForDeploymentPostprocessing = 0;
		};
/* End PBXFrameworksBuildPhase section */

/* Begin PBXGroup section */
		188472501D9637E1005B4225 = {
			isa = PBXGroup;
			children = (
				188472821D963802005B4225 /* MessageUI.framework */,
				1884725B1D9637E2005B4225 /* SendEmail */,
				188472751D9637E2005B4225 /* SendEmailTests */,
				1884725A1D9637E2005B4225 /* Products */,
			);
			sourceTree = "<group>";
		};
		1884725A1D9637E2005B4225 /* Products */ = {
			isa = PBXGroup;
			children = (
				188472591D9637E2005B4225 /* SendEmail.app */,
				188472721D9637E2005B4225 /* SendEmailTests.xctest */,
			);
			name = Products;
			sourceTree = "<group>";
		};
		1884725B1D9637E2005B4225 /* SendEmail */ = {
			isa = PBXGroup;
			children = (
				188472601D9637E2005B4225 /* AppDelegate.h */,
				188472611D9637E2005B4225 /* AppDelegate.m */,
				188472631D9637E2005B4225 /* ViewController.h */,
				188472641D9637E2005B4225 /* ViewController.m */,
				188472661D9637E2005B4225 /* Main.storyboard */,
				188472691D9637E2005B4225 /* Images.xcassets */,
				1884726B1D9637E2005B4225 /* LaunchScreen.xib */,
				1884725C1D9637E2005B4225 /* Supporting Files */,
			);
			path = SendEmail;
			sourceTree = "<group>";
		};
		1884725C1D9637E2005B4225 /* Supporting Files */ = {
			isa = PBXGroup;
			children = (
				1884725D1D9637E2005B4225 /* Info.plist */,
				1884725E1D9637E2005B4225 /* main.m */,
			);
			name = "Supporting Files";
			sourceTree = "<group>";
		};
		188472751D9637E2005B4225 /* SendEmailTests */ = {
			isa = PBXGroup;
			children = (
				188472781D9637E2005B4225 /* SendEmailTests.m */,
				188472761D9637E2005B4225 /* Supporting Files */,
			);
			path = SendEmailTests;
			sourceTree = "<group>";
		};
		188472761D9637E2005B4225 /* Supporting Files */ = {
			isa = PBXGroup;
			children = (
				188472771D9637E2005B4225 /* Info.plist */,
			);
			name = "Supporting Files";
			sourceTree = "<group>";
		};
/* End PBXGroup section */

/* Begin PBXNativeTarget section */
		188472581D9637E2005B4225 /* SendEmail */ = {
			isa = PBXNativeTarget;
			buildConfigurationList = 1884727C1D9637E2005B4225 /* Build configuration list for PBXNativeTarget "SendEmail" */;
			buildPhases = (
				188472551D9637E2005B4225 /* Sources */,
				188472561D9637E2005B4225 /* Frameworks */,
				188472571D9637E2005B4225 /* Resources */,
			);
			buildRules = (
			);
			dependencies = (
			);
			name = SendEmail;
			productName = SendEmail;
			productReference = 188472591D9637E2005B4225 /* SendEmail.app */;
			productType = "com.apple.product-type.application";
		};
		188472711D9637E2005B4225 /* SendEmailTests */ = {
			isa = PBXNativeTarget;
			buildConfigurationList = 1884727F1D9637E2005B4225 /* Build configuration list for PBXNativeTarget "SendEmailTests" */;
			buildPhases = (
				1884726E1D9637E2005B4225 /* Sources */,
				1884726F1D9637E2005B4225 /* Frameworks */,
				188472701D9637E2005B4225 /* Resources */,
			);
			buildRules = (
			);
			dependencies = (
				188472741D9637E2005B4225 /* PBXTargetDependency */,
			);
			name = SendEmailTests;
			productName = SendEmailTests;
			productReference = 188472721D9637E2005B4225 /* SendEmailTests.xctest */;
			productType = "com.apple.product-type.bundle.unit-test";
		};
/* End PBXNativeTarget section */

/* Begin PBXProject section */
		188472511D9637E1005B4225 /* Project object */ = {
			isa = PBXProject;
			attributes = {
				LastUpgradeCheck = 0640;
				ORGANIZATIONNAME = KK;
				TargetAttributes = {
					188472581D9637E2005B4225 = {
						CreatedOnToolsVersion = 6.4;
					};
					188472711D9637E2005B4225 = {
						CreatedOnToolsVersion = 6.4;
						TestTargetID = 188472581D9637E2005B4225;
					};
				};
			};
			buildConfigurationList = 188472541D9637E1005B4225 /* Build configuration list for PBXProject "SendEmail" */;
			compatibilityVersion = "Xcode 3.2";
			developmentRegion = English;
			hasScannedForEncodings = 0;
			knownRegions = (
				en,
				Base,
			);
			mainGroup = 188472501D9637E1005B4225;
			productRefGroup = 1884725A1D9637E2005B4225 /* Products */;
			projectDirPath = "";
			projectRoot = "";
			targets = (
				188472581D9637E2005B4225 /* SendEmail */,
				188472711D9637E2005B4225 /* SendEmailTests */,
			);
		};
/* End PBXProject section */

/* Begin PBXResourcesBuildPhase section */
		188472571D9637E2005B4225 /* Resources */ = {
			isa = PBXResourcesBuildPhase;
			buildActionMask = 2147483647;
			files = (
				188472681D9637E2005B4225 /* Main.storyboard in Resources */,
				1884726D1D9637E2005B4225 /* LaunchScreen.xib in Resources */,
				1884726A1D9637E2005B4225 /* Images.xcassets in Resources */,
			);
			runOnlyForDeploymentPostprocessing = 0;
		};
		188472701D9637E2005B4225 /* Resources */ = {
			isa = PBXResourcesBuildPhase;
			buildActionMask = 2147483647;
			files = (
			);
			runOnlyForDeploymentPostprocessing = 0;
		};
/* End PBXResourcesBuildPhase section */

/* Begin PBXSourcesBuildPhase section */
		188472551D9637E2005B4225 /* Sources */ = {
			isa = PBXSourcesBuildPhase;
			buildActionMask = 2147483647;
			files = (
				188472651D9637E2005B4225 /* ViewController.m in Sources */,
				188472621D9637E2005B4225 /* AppDelegate.m in Sources */,
				1884725F1D9637E2005B4225 /* main.m in Sources */,
			);
			runOnlyForDeploymentPostprocessing = 0;
		};
		1884726E1D9637E2005B4225 /* Sources */ = {
			isa = PBXSourcesBuildPhase;
			buildActionMask = 2147483647;
			files = (
				188472791D9637E2005B4225 /* SendEmailTests.m in Sources */,
			);
			runOnlyForDeploymentPostprocessing = 0;
		};
/* End PBXSourcesBuildPhase section */

/* Begin PBXTargetDependency section */
		188472741D9637E2005B4225 /* PBXTargetDependency */ = {
			isa = PBXTargetDependency;
			target = 188472581D9637E2005B4225 /* SendEmail */;
			targetProxy = 188472731D9637E2005B4225 /* PBXContainerItemProxy */;
		};
/* End PBXTargetDependency section */

/* Begin PBXVariantGroup section */
		188472661D9637E2005B4225 /* Main.storyboard */ = {
			isa = PBXVariantGroup;
			children = (
				188472671D9637E2005B4225 /* Base */,
			);
			name = Main.storyboard;
			sourceTree = "<group>";
		};
		1884726B1D9637E2005B4225 /* LaunchScreen.xib */ = {
			isa = PBXVariantGroup;
			children = (
				1884726C1D9637E2005B4225 /* Base */,
			);
			name = LaunchScreen.xib;
			sourceTree = "<group>";
		};
/* End PBXVariantGroup section */

/* Begin XCBuildConfiguration section */
		1884727A1D9637E2005B4225 /* Debug */ = {
			isa = XCBuildConfiguration;
			buildSettings = {
				ALWAYS_SEARCH_USER_PATHS = NO;
				CLANG_CXX_LANGUAGE_STANDARD = "gnu++0x";
				CLANG_CXX_LIBRARY = "libc++";
				CLANG_ENABLE_MODULES = YES;
				CLANG_ENABLE_OBJC_ARC = YES;
				CLANG_WARN_BOOL_CONVERSION = YES;
				CLANG_WARN_CONSTANT_CONVERSION = YES;
				CLANG_WARN_DIRECT_OBJC_ISA_USAGE = YES_ERROR;
				CLANG_WARN_EMPTY_BODY = YES;
				CLANG_WARN_ENUM_CONVERSION = YES;
				CLANG_WARN_INT_CONVERSION = YES;
				CLANG_WARN_OBJC_ROOT_CLASS = YES_ERROR;
				CLANG_WARN_UNREACHABLE_CODE = YES;
				CLANG_WARN__DUPLICATE_METHOD_MATCH = YES;
				"CODE_SIGN_IDENTITY[sdk=iphoneos*]" = "iPhone Developer";
				COPY_PHASE_STRIP = NO;
				DEBUG_INFORMATION_FORMAT = "dwarf-with-dsym";
				ENABLE_STRICT_OBJC_MSGSEND = YES;
				GCC_C_LANGUAGE_STANDARD = gnu99;
				GCC_DYNAMIC_NO_PIC = NO;
				GCC_NO_COMMON_BLOCKS = YES;
				GCC_OPTIMIZATION_LEVEL = 0;
				GCC_PREPROCESSOR_DEFINITIONS = (
					"DEBUG=1",
					"$(inherited)",
				);
				GCC_SYMBOLS_PRIVATE_EXTERN = NO;
				GCC_WARN_64_TO_32_BIT_CONVERSION = YES;
				GCC_WARN_ABOUT_RETURN_TYPE = YES_ERROR;
				GCC_WARN_UNDECLARED_SELECTOR = YES;
				GCC_WARN_UNINITIALIZED_AUTOS = YES_AGGRESSIVE;
				GCC_WARN_UNUSED_FUNCTION = YES;
				GCC_WARN_UNUSED_VARIABLE = YES;
				IPHONEOS_DEPLOYMENT_TARGET = 8.4;
				MTL_ENABLE_DEBUG_INFO = YES;
				ONLY_ACTIVE_ARCH = YES;
				SDKROOT = iphoneos;
				TARGETED_DEVICE_FAMILY = "1,2";
			};
			name = Debug;
		};
		1884727B1D9637E2005B4225 /* Release */ = {
			isa = XCBuildConfiguration;
			buildSettings = {
				ALWAYS_SEARCH_USER_PATHS = NO;
				CLANG_CXX_LANGUAGE_STANDARD = "gnu++0x";
				CLANG_CXX_LIBRARY = "libc++";
				CLANG_ENABLE_MODULES = YES;
				CLANG_ENABLE_OBJC_ARC = YES;
				CLANG_WARN_BOOL_CONVERSION = YES;
				CLANG_WARN_CONSTANT_CONVERSION = YES;
				CLANG_WARN_DIRECT_OBJC_ISA_USAGE = YES_ERROR;
				CLANG_WARN_EMPTY_BODY = YES;
				CLANG_WARN_ENUM_CONVERSION = YES;
				CLANG_WARN_INT_CONVERSION = YES;
				CLANG_WARN_OBJC_ROOT_CLASS = YES_ERROR;
				CLANG_WARN_UNREACHABLE_CODE = YES;
				CLANG_WARN__DUPLICATE_METHOD_MATCH = YES;
				"CODE_SIGN_IDENTITY[sdk=iphoneos*]" = "iPhone Developer";
				COPY_PHASE_STRIP = NO;
				DEBUG_INFORMATION_FORMAT = "dwarf-with-dsym";
				ENABLE_NS_ASSERTIONS = NO;
				ENABLE_STRICT_OBJC_MSGSEND = YES;
				GCC_C_LANGUAGE_STANDARD = gnu99;
				GCC_NO_COMMON_BLOCKS = YES;
				GCC_WARN_64_TO_32_BIT_CONVERSION = YES;
				GCC_WARN_ABOUT_RETURN_TYPE = YES_ERROR;
				GCC_WARN_UNDECLARED_SELECTOR = YES;
				GCC_WARN_UNINITIALIZED_AUTOS = YES_AGGRESSIVE;
				GCC_WARN_UNUSED_FUNCTION = YES;
				GCC_WARN_UNUSED_VARIABLE = YES;
				IPHONEOS_DEPLOYMENT_TARGET = 8.4;
				MTL_ENABLE_DEBUG_INFO = NO;
				SDKROOT = iphoneos;
				TARGETED_DEVICE_FAMILY = "1,2";
				VALIDATE_PRODUCT = YES;
			};
			name = Release;
		};
		1884727D1D9637E2005B4225 /* Debug */ = {
			isa = XCBuildConfiguration;
			buildSettings = {
				ASSETCATALOG_COMPILER_APPICON_NAME = AppIcon;
				INFOPLIST_FILE = SendEmail/Info.plist;
				LD_RUNPATH_SEARCH_PATHS = "$(inherited) @executable_path/Frameworks";
				PRODUCT_NAME = "$(TARGET_NAME)";
			};
			name = Debug;
		};
		1884727E1D9637E2005B4225 /* Release */ = {
			isa = XCBuildConfiguration;
			buildSettings = {
				ASSETCATALOG_COMPILER_APPICON_NAME = AppIcon;
				INFOPLIST_FILE = SendEmail/Info.plist;
				LD_RUNPATH_SEARCH_PATHS = "$(inherited) @executable_path/Frameworks";
				PRODUCT_NAME = "$(TARGET_NAME)";
			};
			name = Release;
		};
		188472801D9637E2005B4225 /* Debug */ = {
			isa = XCBuildConfiguration;
			buildSettings = {
				BUNDLE_LOADER = "$(TEST_HOST)";
				FRAMEWORK_SEARCH_PATHS = (
					"$(SDKROOT)/Developer/Library/Frameworks",
					"$(inherited)",
				);
				GCC_PREPROCESSOR_DEFINITIONS = (
					"DEBUG=1",
					"$(inherited)",
				);
				INFOPLIST_FILE = SendEmailTests/Info.plist;
				LD_RUNPATH_SEARCH_PATHS = "$(inherited) @executable_path/Frameworks @loader_path/Frameworks";
				PRODUCT_NAME = "$(TARGET_NAME)";
				TEST_HOST = "$(BUILT_PRODUCTS_DIR)/SendEmail.app/SendEmail";
			};
			name = Debug;
		};
		188472811D9637E2005B4225 /* Release */ = {
			isa = XCBuildConfiguration;
			buildSettings = {
				BUNDLE_LOADER = "$(TEST_HOST)";
				FRAMEWORK_SEARCH_PATHS = (
					"$(SDKROOT)/Developer/Library/Frameworks",
					"$(inherited)",
				);
				INFOPLIST_FILE = SendEmailTests/Info.plist;
				LD_RUNPATH_SEARCH_PATHS = "$(inherited) @executable_path/Frameworks @loader_path/Frameworks";
				PRODUCT_NAME = "$(TARGET_NAME)";
				TEST_HOST = "$(BUILT_PRODUCTS_DIR)/SendEmail.app/SendEmail";
			};
			name = Release;
		};
/* End XCBuildConfiguration section */

/* Begin XCConfigurationList section */
		188472541D9637E1005B4225 /* Build configuration list for PBXProject "SendEmail" */ = {
			isa = XCConfigurationList;
			buildConfigurations = (
				1884727A1D9637E2005B4225 /* Debug */,
				1884727B1D9637E2005B4225 /* Release */,
			);
			defaultConfigurationIsVisible = 0;
			defaultConfigurationName = Release;
		};
		1884727C1D9637E2005B4225 /* Build configuration list for PBXNativeTarget "SendEmail" */ = {
			isa = XCConfigurationList;
			buildConfigurations = (
				1884727D1D9637E2005B4225 /* Debug */,
				1884727E1D9637E2005B4225 /* Release */,
			);
			defaultConfigurationIsVisible = 0;
		};
		1884727F1D9637E2005B4225 /* Build configuration list for PBXNativeTarget "SendEmailTests" */ = {
			isa = XCConfigurationList;
			buildConfigurations = (
				188472801D9637E2005B4225 /* Debug */,
				188472811D9637E2005B4225 /* Release */,
			);
			defaultConfigurationIsVisible = 0;
		};
/* End XCConfigurationList section */
	};
	rootObject = 188472511D9637E1005B4225 /* Project object */;
}
